{
  "name": "vue-tcb",
  "version": "1.0.0",
  "lockfileVersion": 1,
  "requires": true,
  "dependencies": {
    "@cloudbase/adapter-interface": {
      "version": "0.3.0",
      "resolved": "http://mirrors.tencent.com/npm/@cloudbase%2fadapter-interface/-/adapter-interface-0.3.0.tgz",
      "integrity": "sha512-JuowPs+B4ymbNQaQ4af8P6w47Jd5r7DyVPlTQjJCnOtdnDPqNWcqhokDdhyVWZ92ivsr+8E6LUHffWmUEzv2Pg=="
    },
    "@cloudbase/adapter-wx_mp": {
      "version": "0.3.0",
      "resolved": "http://mirrors.tencent.com/npm/@cloudbase%2fadapter-wx_mp/-/adapter-wx_mp-0.3.0.tgz",
      "integrity": "sha512-EJRXu5bq/mutM8lUqFe09Stv7hBceW8x9ONQ7nBTXhprJOK8jebq3Ey2+0CiDX+csDeH5SGg01BwCAvsM2fhiA==",
      "requires": {
        "@cloudbase/adapter-interface": "^0.3.0"
      }
    },
    "@cloudbase/database": {
      "version": "0.9.11-rc.1",
      "resolved": "http://mirrors.tencent.com/npm/@cloudbase%2fdatabase/-/database-0.9.11-rc.1.tgz",
      "integrity": "sha512-eWeYFl+zJv4YYnYCv2xC7o9Gv1ymw4ju7ufHaT0Zk7mUsJkND3mUCqssSRZr4NidHNYOscPeLDj2b9Ue9b7Xuw==",
      "requires": {
        "bson": "^4.0.2",
        "lodash.clonedeep": "4.5.0",
        "lodash.set": "4.3.2",
        "lodash.unset": "4.5.2"
      }
    },
    "base64-js": {
      "version": "1.3.1",
      "resolved": "http://mirrors.tencent.com/npm/base64-js/-/base64-js-1.3.1.tgz",
      "integrity": "sha512-mLQ4i2QO1ytvGWFWmcngKO//JXAQueZvwEKtjgQFM4jIK0kU+ytMfplL8j+n5mspOfjHwoAg+9yhb7BwAHm36g=="
    },
    "bson": {
      "version": "4.0.3",
      "resolved": "http://mirrors.tencent.com/npm/bson/-/bson-4.0.3.tgz",
      "integrity": "sha512-7uBjjxwOSuGLmoqGI1UXWpDGc0K2WjR7dC6iaOg4iriNZo6M2EEBb8co4dEPJ5ArYCebPMie0ecgX0TWF+ZUrQ==",
      "requires": {
        "buffer": "^5.1.0",
        "long": "^4.0.0"
      }
    },
    "buffer": {
      "version": "5.4.3",
      "resolved": "http://mirrors.tencent.com/npm/buffer/-/buffer-5.4.3.tgz",
      "integrity": "sha512-zvj65TkFeIt3i6aj5bIvJDzjjQQGs4o/sNoezg1F1kYap9Nu2jcUdpwzRSJTHMMzG0H7bZkn4rNQpImhuxWX2A==",
      "requires": {
        "base64-js": "^1.0.2",
        "ieee754": "^1.1.4"
      }
    },
    "crypto-js": {
      "version": "3.1.9-1",
      "resolved": "http://mirrors.tencent.com/npm/crypto-js/-/crypto-js-3.1.9-1.tgz",
      "integrity": "sha1-/aGedh/Ad+Af+/3G6f38WeiAbNg="
    },
    "fingerprintjs2": {
      "version": "2.1.0",
      "resolved": "http://mirrors.tencent.com/npm/fingerprintjs2/-/fingerprintjs2-2.1.0.tgz",
      "integrity": "sha512-H1k/ESTD2rJ3liupyqWBPjZC+LKfCGixQzz/NDN4dkgbmG1bVFyMOh7luKSkVDoyfhgvRm62pviNMPI+eJTZcQ=="
    },
    "ieee754": {
      "version": "1.1.13",
      "resolved": "http://mirrors.tencent.com/npm/ieee754/-/ieee754-1.1.13.tgz",
      "integrity": "sha512-4vf7I2LYV/HaWerSo3XmlMkp5eZ83i+/CDluXi/IGTs/O1sejBNhTtnxzmRZfvOUqj7lZjqHkeTvpgSFDlWZTg=="
    },
    "lodash.clonedeep": {
      "version": "4.5.0",
      "resolved": "http://mirrors.tencent.com/npm/lodash.clonedeep/-/lodash.clonedeep-4.5.0.tgz",
      "integrity": "sha1-4j8/nE+Pvd6HJSnBBxhXoIblzO8="
    },
    "lodash.set": {
      "version": "4.3.2",
      "resolved": "http://mirrors.tencent.com/npm/lodash.set/-/lodash.set-4.3.2.tgz",
      "integrity": "sha1-2HV7HagH3eJIFrDWqEvqGnYjCyM="
    },
    "lodash.unset": {
      "version": "4.5.2",
      "resolved": "http://mirrors.tencent.com/npm/lodash.unset/-/lodash.unset-4.5.2.tgz",
      "integrity": "sha1-Nw0dPoW3Kn4bDN8tJyEhMG8j5O0="
    },
    "long": {
      "version": "4.0.0",
      "resolved": "http://mirrors.tencent.com/npm/long/-/long-4.0.0.tgz",
      "integrity": "sha512-XsP+KhQif4bjX1kbuSiySJFNAehNxgLb6hPRGJ9QsUr8ajHkuXGdrHmFUTUUXhDwVX2R5bY4JNZEwbUiMhV+MA=="
    },
    "punycode": {
      "version": "1.3.2",
      "resolved": "http://mirrors.tencent.com/npm/punycode/-/punycode-1.3.2.tgz",
      "integrity": "sha1-llOgNvt8HuQjQvIyXM7v6jkmxI0="
    },
    "querystring": {
      "version": "0.2.0",
      "resolved": "http://mirrors.tencent.com/npm/querystring/-/querystring-0.2.0.tgz",
      "integrity": "sha1-sgmEkgO7Jd+CDadW50cAWHhSFiA="
    },
    "tcb-js-sdk": {
      "version": "1.3.7",
      "resolved": "http://mirrors.tencent.com/npm/tcb-js-sdk/-/tcb-js-sdk-1.3.7.tgz",
      "integrity": "sha512-Me2bRWKiQv5hK4UZZcC1FmJ4QnWs11TnTtWAfDUvHexN85USgvG6AJPdeial3+3VKWa9WRoqRpS93CLe8+ALrg==",
      "requires": {
        "@cloudbase/adapter-interface": "^0.3.0",
        "@cloudbase/adapter-wx_mp": "^0.3.0",
        "@cloudbase/database": "^0.9.11-rc.0",
        "crypto-js": "^3.1.9-1",
        "fingerprintjs2": "^2.1.0",
        "url": "^0.11.0"
      }
    },
    "url": {
      "version": "0.11.0",
      "resolved": "http://mirrors.tencent.com/npm/url/-/url-0.11.0.tgz",
      "integrity": "sha1-ODjpfPxgUh63PFJajlW/3Z4uKPE=",
      "requires": {
        "punycode": "1.3.2",
        "querystring": "0.2.0"
      }
    }
  }
}
